
Microsoft Visual Studio Solution File, Format Version 12.00
# Visual Studio 15
Project("{FAE04EC0-301F-11D3-BF4B-00C04F79EFBC}") = "Assembly-CSharp", "Assembly-CSharp.csproj", "{90DD12FA-0ACF-0378-E709-4C8143DA9A7E}"
EndProject
Project("{FAE04EC0-301F-11D3-BF4B-00C04F79EFBC}") = "Assembly-CSharp-Editor", "Assembly-CSharp-Editor.csproj", "{502741A4-5D8A-56A6-F3E2-F7E8ED434043}"
EndProject
Global
	GlobalSection(SolutionConfigurationPlatforms) = preSolution
		Debug|Any CPU = Debug|Any CPU
		Release|Any CPU = Release|Any CPU
	EndGlobalSection
	GlobalSection(ProjectConfigurationPlatforms) = postSolution
		{90DD12FA-0ACF-0378-E709-4C8143DA9A7E}.Debug|Any CPU.ActiveCfg = Debug|Any CPU
		{90DD12FA-0ACF-0378-E709-4C8143DA9A7E}.Debug|Any CPU.Build.0 = Debug|Any CPU
		{90DD12FA-0ACF-0378-E709-4C8143DA9A7E}.Release|Any CPU.ActiveCfg = Release|Any CPU
		{90DD12FA-0ACF-0378-E709-4C8143DA9A7E}.Release|Any CPU.Build.0 = Release|Any CPU
		{502741A4-5D8A-56A6-F3E2-F7E8ED434043}.Debug|Any CPU.ActiveCfg = Debug|Any CPU
		{502741A4-5D8A-56A6-F3E2-F7E8ED434043}.Debug|Any CPU.Build.0 = Debug|Any CPU
		{502741A4-5D8A-56A6-F3E2-F7E8ED434043}.Release|Any CPU.ActiveCfg = Release|Any CPU
		{502741A4-5D8A-56A6-F3E2-F7E8ED434043}.Release|Any CPU.Build.0 = Release|Any CPU
	EndGlobalSection
	GlobalSection(SolutionProperties) = preSolution
		HideSolutionNode = FALSE
	EndGlobalSection
EndGlobal
