
Microsoft Visual Studio Solution File, Format Version 12.00
# Visual Studio 15
Project("{FAE04EC0-301F-11D3-BF4B-00C04F79EFBC}") = "Assembly-CSharp", "Assembly-CSharp.csproj", "{3F7C35D4-C1B8-1096-ACBD-73A37E84CB36}"
EndProject
Project("{FAE04EC0-301F-11D3-BF4B-00C04F79EFBC}") = "Assembly-CSharp-Editor", "Assembly-CSharp-Editor.csproj", "{5F0AEE03-0683-008A-557F-3E73CC5304FB}"
EndProject
Global
	GlobalSection(SolutionConfigurationPlatforms) = preSolution
		Debug|Any CPU = Debug|Any CPU
		Release|Any CPU = Release|Any CPU
	EndGlobalSection
	GlobalSection(ProjectConfigurationPlatforms) = postSolution
		{3F7C35D4-C1B8-1096-ACBD-73A37E84CB36}.Debug|Any CPU.ActiveCfg = Debug|Any CPU
		{3F7C35D4-C1B8-1096-ACBD-73A37E84CB36}.Debug|Any CPU.Build.0 = Debug|Any CPU
		{3F7C35D4-C1B8-1096-ACBD-73A37E84CB36}.Release|Any CPU.ActiveCfg = Release|Any CPU
		{3F7C35D4-C1B8-1096-ACBD-73A37E84CB36}.Release|Any CPU.Build.0 = Release|Any CPU
		{5F0AEE03-0683-008A-557F-3E73CC5304FB}.Debug|Any CPU.ActiveCfg = Debug|Any CPU
		{5F0AEE03-0683-008A-557F-3E73CC5304FB}.Debug|Any CPU.Build.0 = Debug|Any CPU
		{5F0AEE03-0683-008A-557F-3E73CC5304FB}.Release|Any CPU.ActiveCfg = Release|Any CPU
		{5F0AEE03-0683-008A-557F-3E73CC5304FB}.Release|Any CPU.Build.0 = Release|Any CPU
	EndGlobalSection
	GlobalSection(SolutionProperties) = preSolution
		HideSolutionNode = FALSE
	EndGlobalSection
EndGlobal
